
Microsoft Visual Studio Solution File, Format Version 12.00
# Visual Studio Version 16
VisualStudioVersion = 16.0.31729.503
MinimumVisualStudioVersion = 10.0.40219.1
Project("{FAE04EC0-301F-11D3-BF4B-00C04F79EFBC}") = "poc-api-feature-flag", "poc-api-feature-flag\poc-api-feature-flag.csproj", "{6B709BB2-00D4-4E83-BD38-0D2CDC59C225}"
EndProject
Global
	GlobalSection(SolutionConfigurationPlatforms) = preSolution
		Debug|Any CPU = Debug|Any CPU
		Release|Any CPU = Release|Any CPU
	EndGlobalSection
	GlobalSection(ProjectConfigurationPlatforms) = postSolution
		{6B709BB2-00D4-4E83-BD38-0D2CDC59C225}.Debug|Any CPU.ActiveCfg = Debug|Any CPU
		{6B709BB2-00D4-4E83-BD38-0D2CDC59C225}.Debug|Any CPU.Build.0 = Debug|Any CPU
		{6B709BB2-00D4-4E83-BD38-0D2CDC59C225}.Release|Any CPU.ActiveCfg = Release|Any CPU
		{6B709BB2-00D4-4E83-BD38-0D2CDC59C225}.Release|Any CPU.Build.0 = Release|Any CPU
	EndGlobalSection
	GlobalSection(SolutionProperties) = preSolution
		HideSolutionNode = FALSE
	EndGlobalSection
	GlobalSection(ExtensibilityGlobals) = postSolution
		SolutionGuid = {072093FA-95DE-41FF-BBCF-88F681D7CAD5}
	EndGlobalSection
EndGlobal
